
Microsoft Visual Studio Solution File, Format Version 12.00
# Visual Studio Version 17
VisualStudioVersion = 17.14.36429.23
MinimumVisualStudioVersion = 10.0.40219.1
Project("{FAE04EC0-301F-11D3-BF4B-00C04F79EFBC}") = "Modelos", "Modelos\Modelos.csproj", "{FBD9A5BD-693C-49BF-B77A-4E7169D9F889}"
EndProject
Project("{FAE04EC0-301F-11D3-BF4B-00C04F79EFBC}") = "DataSerializers", "DataSerializers\DataSerializers.csproj", "{FDEB4F5F-6E58-4B71-8BC9-E86E8D742D0E}"
EndProject
Project("{FAE04EC0-301F-11D3-BF4B-00C04F79EFBC}") = "Principal", "Principal\Principal.csproj", "{A99F825F-BD82-42AB-BC0E-323C6556DFA1}"
EndProject
Global
	GlobalSection(SolutionConfigurationPlatforms) = preSolution
		Debug|Any CPU = Debug|Any CPU
		Release|Any CPU = Release|Any CPU
	EndGlobalSection
	GlobalSection(ProjectConfigurationPlatforms) = postSolution
		{FBD9A5BD-693C-49BF-B77A-4E7169D9F889}.Debug|Any CPU.ActiveCfg = Debug|Any CPU
		{FBD9A5BD-693C-49BF-B77A-4E7169D9F889}.Debug|Any CPU.Build.0 = Debug|Any CPU
		{FBD9A5BD-693C-49BF-B77A-4E7169D9F889}.Release|Any CPU.ActiveCfg = Release|Any CPU
		{FBD9A5BD-693C-49BF-B77A-4E7169D9F889}.Release|Any CPU.Build.0 = Release|Any CPU
		{FDEB4F5F-6E58-4B71-8BC9-E86E8D742D0E}.Debug|Any CPU.ActiveCfg = Debug|Any CPU
		{FDEB4F5F-6E58-4B71-8BC9-E86E8D742D0E}.Debug|Any CPU.Build.0 = Debug|Any CPU
		{FDEB4F5F-6E58-4B71-8BC9-E86E8D742D0E}.Release|Any CPU.ActiveCfg = Release|Any CPU
		{FDEB4F5F-6E58-4B71-8BC9-E86E8D742D0E}.Release|Any CPU.Build.0 = Release|Any CPU
		{A99F825F-BD82-42AB-BC0E-323C6556DFA1}.Debug|Any CPU.ActiveCfg = Debug|Any CPU
		{A99F825F-BD82-42AB-BC0E-323C6556DFA1}.Debug|Any CPU.Build.0 = Debug|Any CPU
		{A99F825F-BD82-42AB-BC0E-323C6556DFA1}.Release|Any CPU.ActiveCfg = Release|Any CPU
		{A99F825F-BD82-42AB-BC0E-323C6556DFA1}.Release|Any CPU.Build.0 = Release|Any CPU
	EndGlobalSection
	GlobalSection(SolutionProperties) = preSolution
		HideSolutionNode = FALSE
	EndGlobalSection
	GlobalSection(ExtensibilityGlobals) = postSolution
		SolutionGuid = {2D310D63-8485-4036-8F67-0BD3241A5766}
	EndGlobalSection
EndGlobal
